hash: 977656307b035e2bf39567f5417518a43cae7a26d2d1384c3c2eaa2fc07ec4ce
updated: 2018-01-26T15:36:37.838722-02:00
imports:
- name: github.com/alecthomas/kingpin
  version: 947dcec5ba9c011838740e680966fd7087a71d0d
- name: github.com/alecthomas/template
  version: a0175ee3bccc567396460bf5acd36800cb10c49c
  subpackages:
  - parse
- name: github.com/alecthomas/units
  version: 2efee857e7cfd4f3d0138cc3cbb1b4966962b93a
- name: github.com/golang/protobuf
  version: 925541529c1fa6821df4e44ce2723319eb2be768
  subpackages:
  - proto
- name: github.com/google/go-github
  version: e48060a28fac52d0f1cb758bc8b87c07bac4a87d
  subpackages:
  - github
- name: github.com/google/go-querystring
  version: 53e6ce116135b80d037921a7fdd5138cf32d7a8a
  subpackages:
  - query
- name: golang.org/x/net
  version: 0ed95abb35c445290478a5348a7b38bb154135fd
  subpackages:
  - context
  - context/ctxhttp
- name: golang.org/x/oauth2
  version: a032972e28060ca4f5644acffae3dfc268cc09db
  subpackages:
  - internal
- name: google.golang.org/appengine
  version: 5bee14b453b4c71be47ec1781b0fa61c2ea182db
  subpackages:
  - internal
  - internal/base
  - internal/datastore
  - internal/log
  - internal/remote_api
  - internal/urlfetch
  - urlfetch
testImports: []
